
Microsoft Visual Studio Solution File, Format Version 12.00
# Visual Studio Version 16
VisualStudioVersion = 16.0.30804.86
MinimumVisualStudioVersion = 10.0.40219.1
Project("{FAE04EC0-301F-11D3-BF4B-00C04F79EFBC}") = "Microwave", "Microwave\Microwave.csproj", "{DE8864AA-BB55-4217-9878-F12CABC77666}"
EndProject
Global
	GlobalSection(SolutionConfigurationPlatforms) = preSolution
		Debug|Any CPU = Debug|Any CPU
		Release|Any CPU = Release|Any CPU
	EndGlobalSection
	GlobalSection(ProjectConfigurationPlatforms) = postSolution
		{DE8864AA-BB55-4217-9878-F12CABC77666}.Debug|Any CPU.ActiveCfg = Debug|Any CPU
		{DE8864AA-BB55-4217-9878-F12CABC77666}.Debug|Any CPU.Build.0 = Debug|Any CPU
		{DE8864AA-BB55-4217-9878-F12CABC77666}.Release|Any CPU.ActiveCfg = Release|Any CPU
		{DE8864AA-BB55-4217-9878-F12CABC77666}.Release|Any CPU.Build.0 = Release|Any CPU
	EndGlobalSection
	GlobalSection(SolutionProperties) = preSolution
		HideSolutionNode = FALSE
	EndGlobalSection
	GlobalSection(ExtensibilityGlobals) = postSolution
		SolutionGuid = {0C987627-FA99-4D73-91B8-057951669E3B}
	EndGlobalSection
EndGlobal
